<Project xmlns="http://schemas.microsoft.com/developer/msbuild/2003">
  <PropertyGroup>
    <ProjectGuid>{281d38ce-12fe-4572-9616-b700222e76ca}</ProjectGuid>
    <MainSource>SecureMoveExt.dpr</MainSource>
    <Configuration Condition=" '$(Configuration)' == '' ">Debug</Configuration>
    <Platform Condition=" '$(Platform)' == '' ">AnyCPU</Platform>
    <DCC_DCCCompiler>DCC32</DCC_DCCCompiler>
    <DCC_DependencyCheckOutputName>SecureMoveExt.dll</DCC_DependencyCheckOutputName>
  </PropertyGroup>
  <PropertyGroup Condition=" '$(Configuration)|$(Platform)' == 'Release|AnyCPU' ">
    <Version>7.0</Version>
    <DCC_DebugInformation>False</DCC_DebugInformation>
    <DCC_LocalDebugSymbols>False</DCC_LocalDebugSymbols>
    <DCC_SymbolReferenceInfo>0</DCC_SymbolReferenceInfo>
    <DCC_UnitSearchPath>..\VCL_DRAGDROP;..\VCL_DEC</DCC_UnitSearchPath>
    <DCC_ResourcePath>..\VCL_DRAGDROP;..\VCL_DEC</DCC_ResourcePath>
    <DCC_ObjPath>..\VCL_DRAGDROP;..\VCL_DEC</DCC_ObjPath>
    <DCC_IncludePath>..\VCL_DRAGDROP;..\VCL_DEC</DCC_IncludePath>
    <DCC_Define>RELEASE</DCC_Define>
  </PropertyGroup>
  <PropertyGroup Condition=" '$(Configuration)|$(Platform)' == 'Debug|AnyCPU' ">
    <Version>7.0</Version>
    <DCC_UnitSearchPath>..\VCL_DRAGDROP;..\VCL_DEC</DCC_UnitSearchPath>
    <DCC_ResourcePath>..\VCL_DRAGDROP;..\VCL_DEC</DCC_ResourcePath>
    <DCC_ObjPath>..\VCL_DRAGDROP;..\VCL_DEC</DCC_ObjPath>
    <DCC_IncludePath>..\VCL_DRAGDROP;..\VCL_DEC</DCC_IncludePath>
    <DCC_Define>DEBUG</DCC_Define>
  </PropertyGroup>
  <ProjectExtensions>
    <Borland.Personality>Delphi.Personality</Borland.Personality>
    <Borland.ProjectType>VCLApplication</Borland.ProjectType>
    <BorlandProject>
<BorlandProject xmlns=""> <Delphi.Personality>   <Parameters>
      <Parameters Name="HostApplication">c:\winnt\explorer.exe</Parameters>
      <Parameters Name="UseLauncher">False</Parameters>
      <Parameters Name="LoadAllSymbols">True</Parameters>
      <Parameters Name="LoadUnspecifiedSymbols">False</Parameters>
    </Parameters>
    <Language>
      <Language Name="ProjectLang">$00000406</Language>
    </Language>
    <VersionInfo>
      <VersionInfo Name="IncludeVerInfo">False</VersionInfo>
      <VersionInfo Name="AutoIncBuild">False</VersionInfo>
      <VersionInfo Name="MajorVer">1</VersionInfo>
      <VersionInfo Name="MinorVer">0</VersionInfo>
      <VersionInfo Name="Release">0</VersionInfo>
      <VersionInfo Name="Build">0</VersionInfo>
      <VersionInfo Name="Debug">False</VersionInfo>
      <VersionInfo Name="PreRelease">False</VersionInfo>
      <VersionInfo Name="Special">False</VersionInfo>
      <VersionInfo Name="Private">False</VersionInfo>
      <VersionInfo Name="DLL">False</VersionInfo>
      <VersionInfo Name="Locale">1030</VersionInfo>
      <VersionInfo Name="CodePage">1252</VersionInfo>
    </VersionInfo>
    <VersionInfoKeys>
      <VersionInfoKeys Name="CompanyName"></VersionInfoKeys>
      <VersionInfoKeys Name="FileDescription"></VersionInfoKeys>
      <VersionInfoKeys Name="FileVersion">1.0.0.0</VersionInfoKeys>
      <VersionInfoKeys Name="InternalName"></VersionInfoKeys>
      <VersionInfoKeys Name="LegalCopyright"></VersionInfoKeys>
      <VersionInfoKeys Name="LegalTrademarks"></VersionInfoKeys>
      <VersionInfoKeys Name="OriginalFilename"></VersionInfoKeys>
      <VersionInfoKeys Name="ProductName"></VersionInfoKeys>
      <VersionInfoKeys Name="ProductVersion">1.0.0.0</VersionInfoKeys>
      <VersionInfoKeys Name="Comments"></VersionInfoKeys>
    </VersionInfoKeys>
    <Excluded_Packages>
      
      
      
      
      
      
      
      
      
      
      
      
      <Excluded_Packages Name="c:\programme\borland\bds\4.0\Bin\dclib100.bpl">Borland InterBase Express Components</Excluded_Packages>
      <Excluded_Packages Name="c:\programme\borland\bds\4.0\Bin\dclIndyCore100.bpl">Indy 10 Core Design Time</Excluded_Packages>
      <Excluded_Packages Name="c:\programme\borland\bds\4.0\Bin\dclsmp100.bpl">Borland Sample Components</Excluded_Packages>
      <Excluded_Packages Name="c:\programme\borland\bds\4.0\Bin\dclIndyProtocols100.bpl">Indy 10 Protocols Design Time</Excluded_Packages>
      <Excluded_Packages Name="c:\programme\borland\bds\4.0\Bin\dcltee100.bpl">TeeChart-Komponenten</Excluded_Packages>
      <Excluded_Packages Name="C:\Programme\ComponentAce\AbsoluteDatabase\Lib\Delphi 2006 and C++ Builder 2006\dclAbsDbd10.bpl">Absolute Database - Design package</Excluded_Packages>
    </Excluded_Packages>
    <Source>
      <Source Name="MainSource">SecureMoveExt.dpr</Source>
    </Source>
  </Delphi.Personality> </BorlandProject></BorlandProject>
  </ProjectExtensions>
  <ItemGroup />
  <ItemGroup>
    <DelphiCompile Include="SecureMoveExt.dpr">
      <MainSource>MainSource</MainSource>
    </DelphiCompile>
    <DCCReference Include="SecureMoveMain.pas">
      <Form>DataModuleDragDropHandler</Form>
      <DesignClass>TDataModule</DesignClass>
    </DCCReference>
  </ItemGroup>
  <Import Project="$(MSBuildBinPath)\Borland.Delphi.Targets" />
</Project>